Microsoft Visual Studio Solution File, Format Version 12.00
# Visual Studio 15
VisualStudioVersion = 15.0.27428.2015
MinimumVisualStudioVersion = 10.0.40219.1
Project("{2150E333-8FDC-42A3-9474-1A3956D46DE8}") = "UI", "UI", "{99DF5C3A-AD95-4F65-83DF-BC83F619070B}"
EndProject
Project("{2150E333-8FDC-42A3-9474-1A3956D46DE8}") = "SOA", "SOA", "{CE1B624F-B646-4E8D-9331-0C1402AD4F5A}"
EndProject
Project("{2150E333-8FDC-42A3-9474-1A3956D46DE8}") = ".nuget", ".nuget", "{518E84E7-680F-4897-A9C8-CD8D5507AE94}"
	ProjectSection(SolutionItems) = preProject
		.nuget\NuGet.Config = .nuget\NuGet.Config
		.nuget\NuGet.exe = .nuget\NuGet.exe
		.nuget\NuGet.targets = .nuget\NuGet.targets
	EndProjectSection
EndProject
Project("{2150E333-8FDC-42A3-9474-1A3956D46DE8}") = "Library", "Library", "{D8C3295E-0EAD-4474-878F-E1317FFF6F86}"
	ProjectSection(SolutionItems) = preProject
		Library\Infrastructure.Core.Data.dll = Library\Infrastructure.Core.Data.dll
		Library\Infrastructure.Core.dll = Library\Infrastructure.Core.dll
		Library\Infrastructure.Utility.dll = Library\Infrastructure.Utility.dll
		Library\Infrastructure.Web.dll = Library\Infrastructure.Web.dll
		Library\Innocellence.WeChat.Domain.dll = Library\Innocellence.WeChat.Domain.dll
		Library\Innocellence.Weixin.Cache.DB.dll = Library\Innocellence.Weixin.Cache.DB.dll
		Library\Innocellence.Weixin.dll = Library\Innocellence.Weixin.dll
		Library\Innocellence.Weixin.MP.dll = Library\Innocellence.Weixin.MP.dll
		Library\Innocellence.Weixin.QY.dll = Library\Innocellence.Weixin.QY.dll
		Library\Microsoft.Owin.Security.OAuthClient.dll = Library\Microsoft.Owin.Security.OAuthClient.dll
		Dll\Novell.Directory.Ldap.dll = Dll\Novell.Directory.Ldap.dll
		Library\SqlSugar.dll = Library\SqlSugar.dll
	EndProjectSection
EndProject
Project("{FAE04EC0-301F-11D3-BF4B-00C04F79EFBC}") = "Innocellence.Web", "UI\Innocellence.Web\Innocellence.Web.csproj", "{18C3D59C-C5C8-4CF9-AD10-CBB0659ADCF8}"
EndProject
Project("{2150E333-8FDC-42A3-9474-1A3956D46DE8}") = "Plugins", "Plugins", "{3FEC96D8-7407-4519-BC7D-4BBE837C4008}"
EndProject
Project("{2150E333-8FDC-42A3-9474-1A3956D46DE8}") = "Library", "Library", "{3B9953E6-E8AC-409B-9DFA-E982C8B9A32F}"
EndProject
Project("{2150E333-8FDC-42A3-9474-1A3956D46DE8}") = "Solution Items", "Solution Items", "{EDB50D69-78FD-4431-82C3-B2C14AF11CA5}"
	ProjectSection(SolutionItems) = preProject
		WE-Palette.css = WE-Palette.css
		WebEssentials-Settings.json = WebEssentials-Settings.json
		WebEssentials2015-Settings.json = WebEssentials2015-Settings.json
	EndProjectSection
EndProject
Project("{FAE04EC0-301F-11D3-BF4B-00C04F79EFBC}") = "Innocellence.RoyaltyScan", "Plugins\Innocellence.RoyaltyScan\Innocellence.RoyaltyScan.csproj", "{2C0E195B-77C0-431F-B4D2-4B8B57A9774C}"
EndProject
Project("{FAE04EC0-301F-11D3-BF4B-00C04F79EFBC}") = "Innocellence.WeChat.Domain", "Plugins\Libary\Innocellence.WeChat.Domain\Innocellence.WeChat.Domain.csproj", "{E95F23B9-C1D9-4AF3-8E12-A5CC13492AC9}"
EndProject
Global
	GlobalSection(SolutionConfigurationPlatforms) = preSolution
		CodeAnalysis|Any CPU = CodeAnalysis|Any CPU
		CodeAnalysis|Mixed Platforms = CodeAnalysis|Mixed Platforms
		CodeAnalysis|x86 = CodeAnalysis|x86
		Debug|Any CPU = Debug|Any CPU
		Debug|Mixed Platforms = Debug|Mixed Platforms
		Debug|x86 = Debug|x86
		Release|Any CPU = Release|Any CPU
		Release|Mixed Platforms = Release|Mixed Platforms
		Release|x86 = Release|x86
		Test|Any CPU = Test|Any CPU
		Test|Mixed Platforms = Test|Mixed Platforms
		Test|x86 = Test|x86
	EndGlobalSection
	GlobalSection(ProjectConfigurationPlatforms) = postSolution
		{18C3D59C-C5C8-4CF9-AD10-CBB0659ADCF8}.CodeAnalysis|Any CPU.ActiveCfg = Release|Any CPU
		{18C3D59C-C5C8-4CF9-AD10-CBB0659ADCF8}.CodeAnalysis|Any CPU.Build.0 = Release|Any CPU
		{18C3D59C-C5C8-4CF9-AD10-CBB0659ADCF8}.CodeAnalysis|Mixed Platforms.ActiveCfg = Debug|Any CPU
		{18C3D59C-C5C8-4CF9-AD10-CBB0659ADCF8}.CodeAnalysis|Mixed Platforms.Build.0 = Debug|Any CPU
		{18C3D59C-C5C8-4CF9-AD10-CBB0659ADCF8}.CodeAnalysis|x86.ActiveCfg = Debug|Any CPU
		{18C3D59C-C5C8-4CF9-AD10-CBB0659ADCF8}.Debug|Any CPU.ActiveCfg = Debug|Any CPU
		{18C3D59C-C5C8-4CF9-AD10-CBB0659ADCF8}.Debug|Any CPU.Build.0 = Debug|Any CPU
		{18C3D59C-C5C8-4CF9-AD10-CBB0659ADCF8}.Debug|Mixed Platforms.ActiveCfg = Debug|Any CPU
		{18C3D59C-C5C8-4CF9-AD10-CBB0659ADCF8}.Debug|Mixed Platforms.Build.0 = Debug|Any CPU
		{18C3D59C-C5C8-4CF9-AD10-CBB0659ADCF8}.Debug|x86.ActiveCfg = Debug|Any CPU
		{18C3D59C-C5C8-4CF9-AD10-CBB0659ADCF8}.Debug|x86.Build.0 = Debug|Any CPU
		{18C3D59C-C5C8-4CF9-AD10-CBB0659ADCF8}.Release|Any CPU.ActiveCfg = Release|Any CPU
		{18C3D59C-C5C8-4CF9-AD10-CBB0659ADCF8}.Release|Any CPU.Build.0 = Release|Any CPU
		{18C3D59C-C5C8-4CF9-AD10-CBB0659ADCF8}.Release|Mixed Platforms.ActiveCfg = Release|Any CPU
		{18C3D59C-C5C8-4CF9-AD10-CBB0659ADCF8}.Release|Mixed Platforms.Build.0 = Release|Any CPU
		{18C3D59C-C5C8-4CF9-AD10-CBB0659ADCF8}.Release|x86.ActiveCfg = Release|Any CPU
		{18C3D59C-C5C8-4CF9-AD10-CBB0659ADCF8}.Test|Any CPU.ActiveCfg = Release|Any CPU
		{18C3D59C-C5C8-4CF9-AD10-CBB0659ADCF8}.Test|Any CPU.Build.0 = Release|Any CPU
		{18C3D59C-C5C8-4CF9-AD10-CBB0659ADCF8}.Test|Mixed Platforms.ActiveCfg = Debug|Any CPU
		{18C3D59C-C5C8-4CF9-AD10-CBB0659ADCF8}.Test|Mixed Platforms.Build.0 = Debug|Any CPU
		{18C3D59C-C5C8-4CF9-AD10-CBB0659ADCF8}.Test|x86.ActiveCfg = Debug|Any CPU
		{2C0E195B-77C0-431F-B4D2-4B8B57A9774C}.CodeAnalysis|Any CPU.ActiveCfg = Release|Any CPU
		{2C0E195B-77C0-431F-B4D2-4B8B57A9774C}.CodeAnalysis|Any CPU.Build.0 = Release|Any CPU
		{2C0E195B-77C0-431F-B4D2-4B8B57A9774C}.CodeAnalysis|Mixed Platforms.ActiveCfg = Release|Any CPU
		{2C0E195B-77C0-431F-B4D2-4B8B57A9774C}.CodeAnalysis|Mixed Platforms.Build.0 = Release|Any CPU
		{2C0E195B-77C0-431F-B4D2-4B8B57A9774C}.CodeAnalysis|x86.ActiveCfg = Release|Any CPU
		{2C0E195B-77C0-431F-B4D2-4B8B57A9774C}.CodeAnalysis|x86.Build.0 = Release|Any CPU
		{2C0E195B-77C0-431F-B4D2-4B8B57A9774C}.Debug|Any CPU.ActiveCfg = Debug|Any CPU
		{2C0E195B-77C0-431F-B4D2-4B8B57A9774C}.Debug|Any CPU.Build.0 = Debug|Any CPU
		{2C0E195B-77C0-431F-B4D2-4B8B57A9774C}.Debug|Mixed Platforms.ActiveCfg = Debug|Any CPU
		{2C0E195B-77C0-431F-B4D2-4B8B57A9774C}.Debug|Mixed Platforms.Build.0 = Debug|Any CPU
		{2C0E195B-77C0-431F-B4D2-4B8B57A9774C}.Debug|x86.ActiveCfg = Debug|Any CPU
		{2C0E195B-77C0-431F-B4D2-4B8B57A9774C}.Debug|x86.Build.0 = Debug|Any CPU
		{2C0E195B-77C0-431F-B4D2-4B8B57A9774C}.Release|Any CPU.ActiveCfg = Release|Any CPU
		{2C0E195B-77C0-431F-B4D2-4B8B57A9774C}.Release|Any CPU.Build.0 = Release|Any CPU
		{2C0E195B-77C0-431F-B4D2-4B8B57A9774C}.Release|Mixed Platforms.ActiveCfg = Release|Any CPU
		{2C0E195B-77C0-431F-B4D2-4B8B57A9774C}.Release|Mixed Platforms.Build.0 = Release|Any CPU
		{2C0E195B-77C0-431F-B4D2-4B8B57A9774C}.Release|x86.ActiveCfg = Release|Any CPU
		{2C0E195B-77C0-431F-B4D2-4B8B57A9774C}.Release|x86.Build.0 = Release|Any CPU
		{2C0E195B-77C0-431F-B4D2-4B8B57A9774C}.Test|Any CPU.ActiveCfg = Release|Any CPU
		{2C0E195B-77C0-431F-B4D2-4B8B57A9774C}.Test|Any CPU.Build.0 = Release|Any CPU
		{2C0E195B-77C0-431F-B4D2-4B8B57A9774C}.Test|Mixed Platforms.ActiveCfg = Release|Any CPU
		{2C0E195B-77C0-431F-B4D2-4B8B57A9774C}.Test|Mixed Platforms.Build.0 = Release|Any CPU
		{2C0E195B-77C0-431F-B4D2-4B8B57A9774C}.Test|x86.ActiveCfg = Release|Any CPU
		{2C0E195B-77C0-431F-B4D2-4B8B57A9774C}.Test|x86.Build.0 = Release|Any CPU
		{E95F23B9-C1D9-4AF3-8E12-A5CC13492AC9}.CodeAnalysis|Any CPU.ActiveCfg = Release|Any CPU
		{E95F23B9-C1D9-4AF3-8E12-A5CC13492AC9}.CodeAnalysis|Any CPU.Build.0 = Release|Any CPU
		{E95F23B9-C1D9-4AF3-8E12-A5CC13492AC9}.CodeAnalysis|Mixed Platforms.ActiveCfg = Release|Any CPU
		{E95F23B9-C1D9-4AF3-8E12-A5CC13492AC9}.CodeAnalysis|Mixed Platforms.Build.0 = Release|Any CPU
		{E95F23B9-C1D9-4AF3-8E12-A5CC13492AC9}.CodeAnalysis|x86.ActiveCfg = Release|Any CPU
		{E95F23B9-C1D9-4AF3-8E12-A5CC13492AC9}.CodeAnalysis|x86.Build.0 = Release|Any CPU
		{E95F23B9-C1D9-4AF3-8E12-A5CC13492AC9}.Debug|Any CPU.ActiveCfg = Debug|Any CPU
		{E95F23B9-C1D9-4AF3-8E12-A5CC13492AC9}.Debug|Any CPU.Build.0 = Debug|Any CPU
		{E95F23B9-C1D9-4AF3-8E12-A5CC13492AC9}.Debug|Mixed Platforms.ActiveCfg = Debug|Any CPU
		{E95F23B9-C1D9-4AF3-8E12-A5CC13492AC9}.Debug|Mixed Platforms.Build.0 = Debug|Any CPU
		{E95F23B9-C1D9-4AF3-8E12-A5CC13492AC9}.Debug|x86.ActiveCfg = Debug|Any CPU
		{E95F23B9-C1D9-4AF3-8E12-A5CC13492AC9}.Debug|x86.Build.0 = Debug|Any CPU
		{E95F23B9-C1D9-4AF3-8E12-A5CC13492AC9}.Release|Any CPU.ActiveCfg = Release|Any CPU
		{E95F23B9-C1D9-4AF3-8E12-A5CC13492AC9}.Release|Any CPU.Build.0 = Release|Any CPU
		{E95F23B9-C1D9-4AF3-8E12-A5CC13492AC9}.Release|Mixed Platforms.ActiveCfg = Release|Any CPU
		{E95F23B9-C1D9-4AF3-8E12-A5CC13492AC9}.Release|Mixed Platforms.Build.0 = Release|Any CPU
		{E95F23B9-C1D9-4AF3-8E12-A5CC13492AC9}.Release|x86.ActiveCfg = Release|Any CPU
		{E95F23B9-C1D9-4AF3-8E12-A5CC13492AC9}.Release|x86.Build.0 = Release|Any CPU
		{E95F23B9-C1D9-4AF3-8E12-A5CC13492AC9}.Test|Any CPU.ActiveCfg = Release|Any CPU
		{E95F23B9-C1D9-4AF3-8E12-A5CC13492AC9}.Test|Any CPU.Build.0 = Release|Any CPU
		{E95F23B9-C1D9-4AF3-8E12-A5CC13492AC9}.Test|Mixed Platforms.ActiveCfg = Release|Any CPU
		{E95F23B9-C1D9-4AF3-8E12-A5CC13492AC9}.Test|Mixed Platforms.Build.0 = Release|Any CPU
		{E95F23B9-C1D9-4AF3-8E12-A5CC13492AC9}.Test|x86.ActiveCfg = Release|Any CPU
		{E95F23B9-C1D9-4AF3-8E12-A5CC13492AC9}.Test|x86.Build.0 = Release|Any CPU
	EndGlobalSection
	GlobalSection(SolutionProperties) = preSolution
		HideSolutionNode = FALSE
	EndGlobalSection
	GlobalSection(NestedProjects) = preSolution
		{18C3D59C-C5C8-4CF9-AD10-CBB0659ADCF8} = {99DF5C3A-AD95-4F65-83DF-BC83F619070B}
		{3B9953E6-E8AC-409B-9DFA-E982C8B9A32F} = {3FEC96D8-7407-4519-BC7D-4BBE837C4008}
		{2C0E195B-77C0-431F-B4D2-4B8B57A9774C} = {3FEC96D8-7407-4519-BC7D-4BBE837C4008}
		{E95F23B9-C1D9-4AF3-8E12-A5CC13492AC9} = {3B9953E6-E8AC-409B-9DFA-E982C8B9A32F}
	EndGlobalSection
	GlobalSection(ExtensibilityGlobals) = postSolution
		SolutionGuid = {E52D0FD5-C133-4944-B3C0-FF48FBD8B70D}
	EndGlobalSection
EndGlobal
